{
  "nodes": {
    "nixpkgs": {
      "locked": {
        "lastModified": 1722519197,
        "narHash": "sha256-VEdJmVU2eLFtLqCjTYJd1J7+Go8idAcZoT11IewFiRg=",
        "owner": "NixOS",
        "repo": "nixpkgs",
        "rev": "05405724efa137a0b899cce5ab4dde463b4fd30b",
        "type": "github"
      },
      "original": {
        "owner": "NixOS",
        "ref": "nixos-24.05",
        "repo": "nixpkgs",
        "type": "github"
      }
    },
    "nixpkgs_darwin": {
      "locked": {
        "lastModified": 1722460556,
        "narHash": "sha256-icgowa4FsmHJ2lH7wGwF95e7fvm7IsSVkhn6yjmHXdA=",
        "owner": "NixOS",
        "repo": "nixpkgs",
        "rev": "b87dfeec0dd13dd7bdea01877df48a8d7eb46091",
        "type": "github"
      },
      "original": {
        "owner": "NixOS",
        "ref": "nixpkgs-24.05-darwin",
        "repo": "nixpkgs",
        "type": "github"
      }
    },
    "root": {
      "inputs": {
        "nixpkgs": "nixpkgs",
        "nixpkgs_darwin": "nixpkgs_darwin"
      }
    }
  },
  "root": "root",
  "version": 7
}
